// !$*UTF8*$!
{
	archiveVersion = 1;
	classes = {
	};
	objectVersion = 46;
	objects = {

/* Begin PBXBuildFile section */
		0D1A00D01C7230DF00AC64D3 /* AppDelegate.swift in Sources */ = {isa = PBXBuildFile; fileRef = 0D1A00B31C7230DE00AC64D3 /* AppDelegate.swift */; };
		0D1A00D11C7230DF00AC64D3 /* WHExploreViewController.swift in Sources */ = {isa = PBXBuildFile; fileRef = 0D1A00B51C7230DE00AC64D3 /* WHExploreViewController.swift */; };
		0D1A00D21C7230DF00AC64D3 /* WHSiteViewController.swift in Sources */ = {isa = PBXBuildFile; fileRef = 0D1A00B61C7230DE00AC64D3 /* WHSiteViewController.swift */; };
		0D1A00D31C7230DF00AC64D3 /* WHSearchViewController.swift in Sources */ = {isa = PBXBuildFile; fileRef = 0D1A00B71C7230DE00AC64D3 /* WHSearchViewController.swift */; };
		0D1A00D41C7230DF00AC64D3 /* String+Extensions.swift in Sources */ = {isa = PBXBuildFile; fileRef = 0D1A00B91C7230DE00AC64D3 /* String+Extensions.swift */; };
		0D1A00D51C7230DF00AC64D3 /* UIColor+Extensions.swift in Sources */ = {isa = PBXBuildFile; fileRef = 0D1A00BA1C7230DE00AC64D3 /* UIColor+Extensions.swift */; };
		0D1A00D61C7230DF00AC64D3 /* UIColor+WorldHeritage.swift in Sources */ = {isa = PBXBuildFile; fileRef = 0D1A00BB1C7230DE00AC64D3 /* UIColor+WorldHeritage.swift */; };
		0D1A00D81C7230DF00AC64D3 /* UIFont+WorldHeritage.swift in Sources */ = {isa = PBXBuildFile; fileRef = 0D1A00BD1C7230DE00AC64D3 /* UIFont+WorldHeritage.swift */; };
		0D1A00DC1C7230DF00AC64D3 /* Image.swift in Sources */ = {isa = PBXBuildFile; fileRef = 0D1A00C21C7230DE00AC64D3 /* Image.swift */; };
		0D1A00DD1C7230DF00AC64D3 /* TBRealmObject.swift in Sources */ = {isa = PBXBuildFile; fileRef = 0D1A00C31C7230DE00AC64D3 /* TBRealmObject.swift */; };
		0D1A00DE1C7230DF00AC64D3 /* LaunchScreen.xib in Resources */ = {isa = PBXBuildFile; fileRef = 0D1A00C51C7230DE00AC64D3 /* LaunchScreen.xib */; };
		0D1A00DF1C7230DF00AC64D3 /* Main.storyboard in Resources */ = {isa = PBXBuildFile; fileRef = 0D1A00C71C7230DE00AC64D3 /* Main.storyboard */; };
		0D1A00E21C7230DF00AC64D3 /* Images.xcassets in Resources */ = {isa = PBXBuildFile; fileRef = 0D1A00CB1C7230DE00AC64D3 /* Images.xcassets */; };
		0D1A00E41C7230DF00AC64D3 /* TBAnimatingSearchBar.swift in Sources */ = {isa = PBXBuildFile; fileRef = 0D1A00CE1C7230DE00AC64D3 /* TBAnimatingSearchBar.swift */; };
		0D1A00E51C7230DF00AC64D3 /* TBCircularIconButton.swift in Sources */ = {isa = PBXBuildFile; fileRef = 0D1A00CF1C7230DE00AC64D3 /* TBCircularIconButton.swift */; };
		0D23EAFE1C859C6100E711B7 /* UIImage+Icons.swift in Sources */ = {isa = PBXBuildFile; fileRef = 0D23EAFD1C859C6100E711B7 /* UIImage+Icons.swift */; };
		0D23EB001C85E9AC00E711B7 /* TBParallaxFlowLayout.swift in Sources */ = {isa = PBXBuildFile; fileRef = 0D23EAFF1C85E9AC00E711B7 /* TBParallaxFlowLayout.swift */; };
		0D23EB021C85F1AA00E711B7 /* TBParallaxLayoutAttributes.swift in Sources */ = {isa = PBXBuildFile; fileRef = 0D23EB011C85F1AA00E711B7 /* TBParallaxLayoutAttributes.swift */; };
		0D23EB041C86A50E00E711B7 /* WHSitesViewController.swift in Sources */ = {isa = PBXBuildFile; fileRef = 0D23EB031C86A50E00E711B7 /* WHSitesViewController.swift */; };
		0D4EE3681C75D49E00C8BDF2 /* ionicons.ttf in Resources */ = {isa = PBXBuildFile; fileRef = 0D4EE3671C75D49E00C8BDF2 /* ionicons.ttf */; };
		0D4EE36A1C75D4AD00C8BDF2 /* UIFont+Ionic.swift in Sources */ = {isa = PBXBuildFile; fileRef = 0D4EE3691C75D4AD00C8BDF2 /* UIFont+Ionic.swift */; };
		0D4EE36C1C75DB8E00C8BDF2 /* TBMapViewController.swift in Sources */ = {isa = PBXBuildFile; fileRef = 0D4EE36B1C75DB8E00C8BDF2 /* TBMapViewController.swift */; };
		0D4EE3711C75E0B900C8BDF2 /* TBClosureDeclarations.swift in Sources */ = {isa = PBXBuildFile; fileRef = 0D4EE36E1C75E0B900C8BDF2 /* TBClosureDeclarations.swift */; };
		0D4EE3721C75E0B900C8BDF2 /* TBLocationManager.swift in Sources */ = {isa = PBXBuildFile; fileRef = 0D4EE36F1C75E0B900C8BDF2 /* TBLocationManager.swift */; };
		0D761AC61C7813730052D50C /* sorted_sites.json in Resources */ = {isa = PBXBuildFile; fileRef = 0D761AC51C7813730052D50C /* sorted_sites.json */; };
		0D956E901C76CA71004A5D86 /* Site.swift in Sources */ = {isa = PBXBuildFile; fileRef = 0D956E8F1C76CA71004A5D86 /* Site.swift */; };
		0D956E921C76CC66004A5D86 /* TBRealmDataSource.swift in Sources */ = {isa = PBXBuildFile; fileRef = 0D956E911C76CC66004A5D86 /* TBRealmDataSource.swift */; };
		0DA362E91C75A3C100ADE697 /* TBAnimatedLaunchViewController.swift in Sources */ = {isa = PBXBuildFile; fileRef = 0DA362E81C75A3C100ADE697 /* TBAnimatedLaunchViewController.swift */; };
		0DBC11431C6E3E5B0057C7F6 /* WHDebugConstants.swift in Sources */ = {isa = PBXBuildFile; fileRef = 0DBC113F1C6E3E5B0057C7F6 /* WHDebugConstants.swift */; };
		0DBC11441C6E3E5B0057C7F6 /* WHReleaseConstants.swift in Sources */ = {isa = PBXBuildFile; fileRef = 0DBC11401C6E3E5B0057C7F6 /* WHReleaseConstants.swift */; };
		0DD614F11C7605C00033BD9C /* WHSavedViewController.swift in Sources */ = {isa = PBXBuildFile; fileRef = 0DD614F01C7605C00033BD9C /* WHSavedViewController.swift */; };
		0DE33A3A1B85B82F008F6246 /* Realm.framework in Frameworks */ = {isa = PBXBuildFile; fileRef = 0DE33A381B85B775008F6246 /* Realm.framework */; };
		0DE33A3B1B85B82F008F6246 /* RealmSwift.framework in Frameworks */ = {isa = PBXBuildFile; fileRef = 0DE33A391B85B775008F6246 /* RealmSwift.framework */; };
		0DE33A3C1B85B82F008F6246 /* Alamofire.framework in Frameworks */ = {isa = PBXBuildFile; fileRef = 0DE33A331B85B1F7008F6246 /* Alamofire.framework */; };
		0DEFBB8B1C8ECFC30006E1A8 /* UILabel+Extensions.swift in Sources */ = {isa = PBXBuildFile; fileRef = 0DEFBB8A1C8ECFC30006E1A8 /* UILabel+Extensions.swift */; };
		0DEFBBA01C901E010006E1A8 /* TBBaseViewController.swift in Sources */ = {isa = PBXBuildFile; fileRef = 0DEFBB9F1C901E010006E1A8 /* TBBaseViewController.swift */; };
		D91F51F8595EBBAE15BE7745 /* Pods_World_Heritage.framework in Frameworks */ = {isa = PBXBuildFile; fileRef = B6CE657AFEA96A4F5ADE5B9C /* Pods_World_Heritage.framework */; };
/* End PBXBuildFile section */

/* Begin PBXFileReference section */
		0D1A00B31C7230DE00AC64D3 /* AppDelegate.swift */ = {isa = PBXFileReference; fileEncoding = 4; lastKnownFileType = sourcecode.swift; path = AppDelegate.swift; sourceTree = "<group>"; };
		0D1A00B51C7230DE00AC64D3 /* WHExploreViewController.swift */ = {isa = PBXFileReference; fileEncoding = 4; lastKnownFileType = sourcecode.swift; path = WHExploreViewController.swift; sourceTree = "<group>"; };
		0D1A00B61C7230DE00AC64D3 /* WHSiteViewController.swift */ = {isa = PBXFileReference; fileEncoding = 4; lastKnownFileType = sourcecode.swift; lineEnding = 0; path = WHSiteViewController.swift; sourceTree = "<group>"; xcLanguageSpecificationIdentifier = xcode.lang.swift; };
		0D1A00B71C7230DE00AC64D3 /* WHSearchViewController.swift */ = {isa = PBXFileReference; fileEncoding = 4; lastKnownFileType = sourcecode.swift; path = WHSearchViewController.swift; sourceTree = "<group>"; };
		0D1A00B91C7230DE00AC64D3 /* String+Extensions.swift */ = {isa = PBXFileReference; fileEncoding = 4; lastKnownFileType = sourcecode.swift; path = "String+Extensions.swift"; sourceTree = "<group>"; };
		0D1A00BA1C7230DE00AC64D3 /* UIColor+Extensions.swift */ = {isa = PBXFileReference; fileEncoding = 4; lastKnownFileType = sourcecode.swift; path = "UIColor+Extensions.swift"; sourceTree = "<group>"; };
		0D1A00BB1C7230DE00AC64D3 /* UIColor+WorldHeritage.swift */ = {isa = PBXFileReference; fileEncoding = 4; lastKnownFileType = sourcecode.swift; path = "UIColor+WorldHeritage.swift"; sourceTree = "<group>"; };
		0D1A00BD1C7230DE00AC64D3 /* UIFont+WorldHeritage.swift */ = {isa = PBXFileReference; fileEncoding = 4; lastKnownFileType = sourcecode.swift; path = "UIFont+WorldHeritage.swift"; sourceTree = "<group>"; };
		0D1A00BF1C7230DE00AC64D3 /* Info.plist */ = {isa = PBXFileReference; fileEncoding = 4; lastKnownFileType = text.plist.xml; path = Info.plist; sourceTree = "<group>"; };
		0D1A00C21C7230DE00AC64D3 /* Image.swift */ = {isa = PBXFileReference; fileEncoding = 4; lastKnownFileType = sourcecode.swift; path = Image.swift; sourceTree = "<group>"; };
		0D1A00C31C7230DE00AC64D3 /* TBRealmObject.swift */ = {isa = PBXFileReference; fileEncoding = 4; lastKnownFileType = sourcecode.swift; path = TBRealmObject.swift; sourceTree = "<group>"; };
		0D1A00C61C7230DE00AC64D3 /* Base */ = {isa = PBXFileReference; lastKnownFileType = file.xib; name = Base; path = Base.lproj/LaunchScreen.xib; sourceTree = "<group>"; };
		0D1A00C81C7230DE00AC64D3 /* Base */ = {isa = PBXFileReference; lastKnownFileType = file.storyboard; name = Base; path = Base.lproj/Main.storyboard; sourceTree = "<group>"; };
		0D1A00CB1C7230DE00AC64D3 /* Images.xcassets */ = {isa = PBXFileReference; lastKnownFileType = folder.assetcatalog; path = Images.xcassets; sourceTree = "<group>"; };
		0D1A00CE1C7230DE00AC64D3 /* TBAnimatingSearchBar.swift */ = {isa = PBXFileReference; fileEncoding = 4; lastKnownFileType = sourcecode.swift; path = TBAnimatingSearchBar.swift; sourceTree = "<group>"; };
		0D1A00CF1C7230DE00AC64D3 /* TBCircularIconButton.swift */ = {isa = PBXFileReference; fileEncoding = 4; lastKnownFileType = sourcecode.swift; path = TBCircularIconButton.swift; sourceTree = "<group>"; };
		0D23EAFD1C859C6100E711B7 /* UIImage+Icons.swift */ = {isa = PBXFileReference; fileEncoding = 4; lastKnownFileType = sourcecode.swift; path = "UIImage+Icons.swift"; sourceTree = "<group>"; };
		0D23EAFF1C85E9AC00E711B7 /* TBParallaxFlowLayout.swift */ = {isa = PBXFileReference; fileEncoding = 4; lastKnownFileType = sourcecode.swift; path = TBParallaxFlowLayout.swift; sourceTree = "<group>"; };
		0D23EB011C85F1AA00E711B7 /* TBParallaxLayoutAttributes.swift */ = {isa = PBXFileReference; fileEncoding = 4; lastKnownFileType = sourcecode.swift; path = TBParallaxLayoutAttributes.swift; sourceTree = "<group>"; };
		0D23EB031C86A50E00E711B7 /* WHSitesViewController.swift */ = {isa = PBXFileReference; fileEncoding = 4; lastKnownFileType = sourcecode.swift; lineEnding = 0; path = WHSitesViewController.swift; sourceTree = "<group>"; xcLanguageSpecificationIdentifier = xcode.lang.swift; };
		0D4EE3671C75D49E00C8BDF2 /* ionicons.ttf */ = {isa = PBXFileReference; lastKnownFileType = file; path = ionicons.ttf; sourceTree = "<group>"; };
		0D4EE3691C75D4AD00C8BDF2 /* UIFont+Ionic.swift */ = {isa = PBXFileReference; fileEncoding = 4; lastKnownFileType = sourcecode.swift; path = "UIFont+Ionic.swift"; sourceTree = "<group>"; };
		0D4EE36B1C75DB8E00C8BDF2 /* TBMapViewController.swift */ = {isa = PBXFileReference; fileEncoding = 4; lastKnownFileType = sourcecode.swift; path = TBMapViewController.swift; sourceTree = "<group>"; };
		0D4EE36E1C75E0B900C8BDF2 /* TBClosureDeclarations.swift */ = {isa = PBXFileReference; fileEncoding = 4; lastKnownFileType = sourcecode.swift; path = TBClosureDeclarations.swift; sourceTree = "<group>"; };
		0D4EE36F1C75E0B900C8BDF2 /* TBLocationManager.swift */ = {isa = PBXFileReference; fileEncoding = 4; lastKnownFileType = sourcecode.swift; path = TBLocationManager.swift; sourceTree = "<group>"; };
		0D6AE31A1B85A0E0000B0A07 /* WHS β.app */ = {isa = PBXFileReference; explicitFileType = wrapper.application; includeInIndex = 0; path = "WHS β.app"; sourceTree = BUILT_PRODUCTS_DIR; };
		0D761AC51C7813730052D50C /* sorted_sites.json */ = {isa = PBXFileReference; fileEncoding = 4; lastKnownFileType = text.json; lineEnding = 0; path = sorted_sites.json; sourceTree = "<group>"; xcLanguageSpecificationIdentifier = xcode.lang.javascript; };
		0D956E8F1C76CA71004A5D86 /* Site.swift */ = {isa = PBXFileReference; fileEncoding = 4; lastKnownFileType = sourcecode.swift; path = Site.swift; sourceTree = "<group>"; };
		0D956E911C76CC66004A5D86 /* TBRealmDataSource.swift */ = {isa = PBXFileReference; fileEncoding = 4; lastKnownFileType = sourcecode.swift; path = TBRealmDataSource.swift; sourceTree = "<group>"; };
		0DA362E81C75A3C100ADE697 /* TBAnimatedLaunchViewController.swift */ = {isa = PBXFileReference; fileEncoding = 4; lastKnownFileType = sourcecode.swift; path = TBAnimatedLaunchViewController.swift; sourceTree = "<group>"; };
		0DBC113D1C6E3E5B0057C7F6 /* Debug.xcconfig */ = {isa = PBXFileReference; fileEncoding = 4; lastKnownFileType = text.xcconfig; path = Debug.xcconfig; sourceTree = "<group>"; };
		0DBC113E1C6E3E5B0057C7F6 /* Release.xcconfig */ = {isa = PBXFileReference; fileEncoding = 4; lastKnownFileType = text.xcconfig; path = Release.xcconfig; sourceTree = "<group>"; };
		0DBC113F1C6E3E5B0057C7F6 /* WHDebugConstants.swift */ = {isa = PBXFileReference; fileEncoding = 4; lastKnownFileType = sourcecode.swift; path = WHDebugConstants.swift; sourceTree = "<group>"; };
		0DBC11401C6E3E5B0057C7F6 /* WHReleaseConstants.swift */ = {isa = PBXFileReference; fileEncoding = 4; lastKnownFileType = sourcecode.swift; path = WHReleaseConstants.swift; sourceTree = "<group>"; };
		0DD614F01C7605C00033BD9C /* WHSavedViewController.swift */ = {isa = PBXFileReference; fileEncoding = 4; lastKnownFileType = sourcecode.swift; path = WHSavedViewController.swift; sourceTree = "<group>"; };
		0DE33A331B85B1F7008F6246 /* Alamofire.framework */ = {isa = PBXFileReference; lastKnownFileType = wrapper.framework; name = Alamofire.framework; path = Carthage/Build/iOS/Alamofire.framework; sourceTree = "<group>"; };
		0DE33A381B85B775008F6246 /* Realm.framework */ = {isa = PBXFileReference; lastKnownFileType = wrapper.framework; name = Realm.framework; path = Carthage/Build/iOS/Realm.framework; sourceTree = "<group>"; };
		0DE33A391B85B775008F6246 /* RealmSwift.framework */ = {isa = PBXFileReference; lastKnownFileType = wrapper.framework; name = RealmSwift.framework; path = Carthage/Build/iOS/RealmSwift.framework; sourceTree = "<group>"; };
		0DEFBB8A1C8ECFC30006E1A8 /* UILabel+Extensions.swift */ = {isa = PBXFileReference; fileEncoding = 4; lastKnownFileType = sourcecode.swift; path = "UILabel+Extensions.swift"; sourceTree = "<group>"; };
		0DEFBB9F1C901E010006E1A8 /* TBBaseViewController.swift */ = {isa = PBXFileReference; fileEncoding = 4; lastKnownFileType = sourcecode.swift; path = TBBaseViewController.swift; sourceTree = "<group>"; };
		529AD995455957671989297A /* Pods-World Heritage.release.xcconfig */ = {isa = PBXFileReference; includeInIndex = 1; lastKnownFileType = text.xcconfig; name = "Pods-World Heritage.release.xcconfig"; path = "Pods/Target Support Files/Pods-World Heritage/Pods-World Heritage.release.xcconfig"; sourceTree = "<group>"; };
		95492B779A78C38358C2D36A /* Pods-World Heritage.debug.xcconfig */ = {isa = PBXFileReference; includeInIndex = 1; lastKnownFileType = text.xcconfig; name = "Pods-World Heritage.debug.xcconfig"; path = "Pods/Target Support Files/Pods-World Heritage/Pods-World Heritage.debug.xcconfig"; sourceTree = "<group>"; };
		B6CE657AFEA96A4F5ADE5B9C /* Pods_World_Heritage.framework */ = {isa = PBXFileReference; explicitFileType = wrapper.framework; includeInIndex = 0; path = Pods_World_Heritage.framework; sourceTree = BUILT_PRODUCTS_DIR; };
/* End PBXFileReference section */

/* Begin PBXFrameworksBuildPhase section */
		0D6AE3171B85A0DF000B0A07 /* Frameworks */ = {
			isa = PBXFrameworksBuildPhase;
			buildActionMask = 2147483647;
			files = (
				0DE33A3C1B85B82F008F6246 /* Alamofire.framework in Frameworks */,
				D91F51F8595EBBAE15BE7745 /* Pods_World_Heritage.framework in Frameworks */,
				0DE33A3A1B85B82F008F6246 /* Realm.framework in Frameworks */,
				0DE33A3B1B85B82F008F6246 /* RealmSwift.framework in Frameworks */,
			);
			runOnlyForDeploymentPostprocessing = 0;
		};
/* End PBXFrameworksBuildPhase section */

/* Begin PBXGroup section */
		0D1A00B21C7230DE00AC64D3 /* WorldHeritage */ = {
			isa = PBXGroup;
			children = (
				0D4EE36D1C75E0B900C8BDF2 /* Components */,
				0D1A00B41C7230DE00AC64D3 /* Controllers */,
				0D1A00B81C7230DE00AC64D3 /* Extensions */,
				0D1A00C01C7230DE00AC64D3 /* Models */,
				0D1A00C41C7230DE00AC64D3 /* Resources */,
				0D1A00CD1C7230DE00AC64D3 /* Views */,
				0D1A00B31C7230DE00AC64D3 /* AppDelegate.swift */,
				0D1A00BF1C7230DE00AC64D3 /* Info.plist */,
			);
			path = WorldHeritage;
			sourceTree = "<group>";
		};
		0D1A00B41C7230DE00AC64D3 /* Controllers */ = {
			isa = PBXGroup;
			children = (
				0DA362E81C75A3C100ADE697 /* TBAnimatedLaunchViewController.swift */,
				0DEFBB9F1C901E010006E1A8 /* TBBaseViewController.swift */,
				0D4EE36B1C75DB8E00C8BDF2 /* TBMapViewController.swift */,
				0D1A00B51C7230DE00AC64D3 /* WHExploreViewController.swift */,
				0DD614F01C7605C00033BD9C /* WHSavedViewController.swift */,
				0D1A00B71C7230DE00AC64D3 /* WHSearchViewController.swift */,
				0D23EB031C86A50E00E711B7 /* WHSitesViewController.swift */,
				0D1A00B61C7230DE00AC64D3 /* WHSiteViewController.swift */,
			);
			path = Controllers;
			sourceTree = "<group>";
		};
		0D1A00B81C7230DE00AC64D3 /* Extensions */ = {
			isa = PBXGroup;
			children = (
				0D1A00B91C7230DE00AC64D3 /* String+Extensions.swift */,
				0D1A00BA1C7230DE00AC64D3 /* UIColor+Extensions.swift */,
				0D1A00BB1C7230DE00AC64D3 /* UIColor+WorldHeritage.swift */,
				0D4EE3691C75D4AD00C8BDF2 /* UIFont+Ionic.swift */,
				0D1A00BD1C7230DE00AC64D3 /* UIFont+WorldHeritage.swift */,
				0D23EAFD1C859C6100E711B7 /* UIImage+Icons.swift */,
				0DEFBB8A1C8ECFC30006E1A8 /* UILabel+Extensions.swift */,
			);
			path = Extensions;
			sourceTree = "<group>";
		};
		0D1A00C01C7230DE00AC64D3 /* Models */ = {
			isa = PBXGroup;
			children = (
				0D1A00C21C7230DE00AC64D3 /* Image.swift */,
				0D956E8F1C76CA71004A5D86 /* Site.swift */,
				0D956E911C76CC66004A5D86 /* TBRealmDataSource.swift */,
				0D1A00C31C7230DE00AC64D3 /* TBRealmObject.swift */,
			);
			path = Models;
			sourceTree = "<group>";
		};
		0D1A00C41C7230DE00AC64D3 /* Resources */ = {
			isa = PBXGroup;
			children = (
				0D1A00CB1C7230DE00AC64D3 /* Images.xcassets */,
				0D4EE3671C75D49E00C8BDF2 /* ionicons.ttf */,
				0D1A00C51C7230DE00AC64D3 /* LaunchScreen.xib */,
				0D1A00C71C7230DE00AC64D3 /* Main.storyboard */,
				0D761AC51C7813730052D50C /* sorted_sites.json */,
			);
			path = Resources;
			sourceTree = "<group>";
		};
		0D1A00CD1C7230DE00AC64D3 /* Views */ = {
			isa = PBXGroup;
			children = (
				0D1A00CE1C7230DE00AC64D3 /* TBAnimatingSearchBar.swift */,
				0D1A00CF1C7230DE00AC64D3 /* TBCircularIconButton.swift */,
			);
			path = Views;
			sourceTree = "<group>";
		};
		0D4EE36D1C75E0B900C8BDF2 /* Components */ = {
			isa = PBXGroup;
			children = (
				0D4EE36E1C75E0B900C8BDF2 /* TBClosureDeclarations.swift */,
				0D4EE36F1C75E0B900C8BDF2 /* TBLocationManager.swift */,
				0D23EAFF1C85E9AC00E711B7 /* TBParallaxFlowLayout.swift */,
				0D23EB011C85F1AA00E711B7 /* TBParallaxLayoutAttributes.swift */,
			);
			path = Components;
			sourceTree = "<group>";
		};
		0D6AE3111B85A0DF000B0A07 = {
			isa = PBXGroup;
			children = (
				0DBC113C1C6E3E5B0057C7F6 /* Configs */,
				42595D21F1D327D21D5277F3 /* Frameworks */,
				D3A9B8F31C01F8656592DA61 /* Pods */,
				0D6AE31B1B85A0E0000B0A07 /* Products */,
				0D1A00B21C7230DE00AC64D3 /* WorldHeritage */,
			);
			sourceTree = "<group>";
		};
		0D6AE31B1B85A0E0000B0A07 /* Products */ = {
			isa = PBXGroup;
			children = (
				0D6AE31A1B85A0E0000B0A07 /* WHS β.app */,
			);
			name = Products;
			sourceTree = "<group>";
		};
		0DBC113C1C6E3E5B0057C7F6 /* Configs */ = {
			isa = PBXGroup;
			children = (
				0DBC113D1C6E3E5B0057C7F6 /* Debug.xcconfig */,
				0DBC113E1C6E3E5B0057C7F6 /* Release.xcconfig */,
				0DBC113F1C6E3E5B0057C7F6 /* WHDebugConstants.swift */,
				0DBC11401C6E3E5B0057C7F6 /* WHReleaseConstants.swift */,
			);
			path = Configs;
			sourceTree = "<group>";
		};
		42595D21F1D327D21D5277F3 /* Frameworks */ = {
			isa = PBXGroup;
			children = (
				0DE33A331B85B1F7008F6246 /* Alamofire.framework */,
				B6CE657AFEA96A4F5ADE5B9C /* Pods_World_Heritage.framework */,
				0DE33A381B85B775008F6246 /* Realm.framework */,
				0DE33A391B85B775008F6246 /* RealmSwift.framework */,
			);
			name = Frameworks;
			sourceTree = "<group>";
		};
		D3A9B8F31C01F8656592DA61 /* Pods */ = {
			isa = PBXGroup;
			children = (
				95492B779A78C38358C2D36A /* Pods-World Heritage.debug.xcconfig */,
				529AD995455957671989297A /* Pods-World Heritage.release.xcconfig */,
			);
			name = Pods;
			sourceTree = "<group>";
		};
/* End PBXGroup section */

/* Begin PBXNativeTarget section */
		0D6AE3191B85A0DF000B0A07 /* World Heritage */ = {
			isa = PBXNativeTarget;
			buildConfigurationList = 0D6AE33B1B85A0E0000B0A07 /* Build configuration list for PBXNativeTarget "World Heritage" */;
			buildPhases = (
				CBAA30731FBD7D816880DA2C /* Check Pods Manifest.lock */,
				0D6AE3161B85A0DF000B0A07 /* Sources */,
				0D6AE3171B85A0DF000B0A07 /* Frameworks */,
				0D6AE3181B85A0DF000B0A07 /* Resources */,
				0DE980AA1C81933500954651 /* Run Script */,
				B0529B87B033019109C5D1F9 /* Embed Pods Frameworks */,
				F9591FC7292581B976E1C3B5 /* Copy Pods Resources */,
			);
			buildRules = (
			);
			dependencies = (
			);
			name = "World Heritage";
			productName = Hikes;
			productReference = 0D6AE31A1B85A0E0000B0A07 /* WHS β.app */;
			productType = "com.apple.product-type.application";
		};
/* End PBXNativeTarget section */

/* Begin PBXProject section */
		0D6AE3121B85A0DF000B0A07 /* Project object */ = {
			isa = PBXProject;
			attributes = {
				LastSwiftUpdateCheck = 0710;
				LastUpgradeCheck = 0720;
				ORGANIZATIONNAME = "The Brewery";
				TargetAttributes = {
					0D6AE3191B85A0DF000B0A07 = {
						CreatedOnToolsVersion = 6.4;
						DevelopmentTeam = XL7WH63756;
					};
				};
			};
			buildConfigurationList = 0D6AE3151B85A0DF000B0A07 /* Build configuration list for PBXProject "World Heritage" */;
			compatibilityVersion = "Xcode 3.2";
			developmentRegion = English;
			hasScannedForEncodings = 0;
			knownRegions = (
				en,
				Base,
			);
			mainGroup = 0D6AE3111B85A0DF000B0A07;
			productRefGroup = 0D6AE31B1B85A0E0000B0A07 /* Products */;
			projectDirPath = "";
			projectRoot = "";
			targets = (
				0D6AE3191B85A0DF000B0A07 /* World Heritage */,
			);
		};
/* End PBXProject section */

/* Begin PBXResourcesBuildPhase section */
		0D6AE3181B85A0DF000B0A07 /* Resources */ = {
			isa = PBXResourcesBuildPhase;
			buildActionMask = 2147483647;
			files = (
				0D1A00E21C7230DF00AC64D3 /* Images.xcassets in Resources */,
				0D4EE3681C75D49E00C8BDF2 /* ionicons.ttf in Resources */,
				0D1A00DE1C7230DF00AC64D3 /* LaunchScreen.xib in Resources */,
				0D1A00DF1C7230DF00AC64D3 /* Main.storyboard in Resources */,
				0D761AC61C7813730052D50C /* sorted_sites.json in Resources */,
			);
			runOnlyForDeploymentPostprocessing = 0;
		};
/* End PBXResourcesBuildPhase section */

/* Begin PBXShellScriptBuildPhase section */
		0DE980AA1C81933500954651 /* Run Script */ = {
			isa = PBXShellScriptBuildPhase;
			buildActionMask = 12;
			files = (
			);
			inputPaths = (
			);
			name = "Run Script";
			outputPaths = (
			);
			runOnlyForDeploymentPostprocessing = 0;
			shellPath = /bin/sh;
			shellScript = "PLIST_PATH=\"${TARGET_BUILD_DIR}/${INFOPLIST_PATH}\"\n\nif [ $ALLOWS_ARBITRARY_LOADS ]; then\n    /usr/libexec/PlistBuddy -c \"delete :NSAppTransportSecurity\" \"$PLIST_PATH\"\n    /usr/libexec/PlistBuddy -c \"add :NSAppTransportSecurity:NSAllowsArbitraryLoads bool YES\" \"$PLIST_PATH\"\nfi";
		};
		B0529B87B033019109C5D1F9 /* Embed Pods Frameworks */ = {
			isa = PBXShellScriptBuildPhase;
			buildActionMask = 2147483647;
			files = (
			);
			inputPaths = (
			);
			name = "Embed Pods Frameworks";
			outputPaths = (
			);
			runOnlyForDeploymentPostprocessing = 0;
			shellPath = /bin/sh;
			shellScript = "\"${SRCROOT}/Pods/Target Support Files/Pods-World Heritage/Pods-World Heritage-frameworks.sh\"\n";
			showEnvVarsInLog = 0;
		};
		CBAA30731FBD7D816880DA2C /* Check Pods Manifest.lock */ = {
			isa = PBXShellScriptBuildPhase;
			buildActionMask = 2147483647;
			files = (
			);
			inputPaths = (
			);
			name = "Check Pods Manifest.lock";
			outputPaths = (
			);
			runOnlyForDeploymentPostprocessing = 0;
			shellPath = /bin/sh;
			shellScript = "diff \"${PODS_ROOT}/../Podfile.lock\" \"${PODS_ROOT}/Manifest.lock\" > /dev/null\nif [[ $? != 0 ]] ; then\n    cat << EOM\nerror: The sandbox is not in sync with the Podfile.lock. Run 'pod install' or update your CocoaPods installation.\nEOM\n    exit 1\nfi\n";
			showEnvVarsInLog = 0;
		};
		F9591FC7292581B976E1C3B5 /* Copy Pods Resources */ = {
			isa = PBXShellScriptBuildPhase;
			buildActionMask = 2147483647;
			files = (
			);
			inputPaths = (
			);
			name = "Copy Pods Resources";
			outputPaths = (
			);
			runOnlyForDeploymentPostprocessing = 0;
			shellPath = /bin/sh;
			shellScript = "\"${SRCROOT}/Pods/Target Support Files/Pods-World Heritage/Pods-World Heritage-resources.sh\"\n";
			showEnvVarsInLog = 0;
		};
/* End PBXShellScriptBuildPhase section */

/* Begin PBXSourcesBuildPhase section */
		0D6AE3161B85A0DF000B0A07 /* Sources */ = {
			isa = PBXSourcesBuildPhase;
			buildActionMask = 2147483647;
			files = (
				0D1A00D01C7230DF00AC64D3 /* AppDelegate.swift in Sources */,
				0D1A00DC1C7230DF00AC64D3 /* Image.swift in Sources */,
				0D956E901C76CA71004A5D86 /* Site.swift in Sources */,
				0D1A00D41C7230DF00AC64D3 /* String+Extensions.swift in Sources */,
				0DA362E91C75A3C100ADE697 /* TBAnimatedLaunchViewController.swift in Sources */,
				0D1A00E41C7230DF00AC64D3 /* TBAnimatingSearchBar.swift in Sources */,
				0DEFBBA01C901E010006E1A8 /* TBBaseViewController.swift in Sources */,
				0D1A00E51C7230DF00AC64D3 /* TBCircularIconButton.swift in Sources */,
				0D4EE3711C75E0B900C8BDF2 /* TBClosureDeclarations.swift in Sources */,
				0D4EE3721C75E0B900C8BDF2 /* TBLocationManager.swift in Sources */,
				0D4EE36C1C75DB8E00C8BDF2 /* TBMapViewController.swift in Sources */,
				0D23EB001C85E9AC00E711B7 /* TBParallaxFlowLayout.swift in Sources */,
				0D23EB021C85F1AA00E711B7 /* TBParallaxLayoutAttributes.swift in Sources */,
				0D956E921C76CC66004A5D86 /* TBRealmDataSource.swift in Sources */,
				0D1A00DD1C7230DF00AC64D3 /* TBRealmObject.swift in Sources */,
				0D1A00D51C7230DF00AC64D3 /* UIColor+Extensions.swift in Sources */,
				0D1A00D61C7230DF00AC64D3 /* UIColor+WorldHeritage.swift in Sources */,
				0D4EE36A1C75D4AD00C8BDF2 /* UIFont+Ionic.swift in Sources */,
				0D1A00D81C7230DF00AC64D3 /* UIFont+WorldHeritage.swift in Sources */,
				0D23EAFE1C859C6100E711B7 /* UIImage+Icons.swift in Sources */,
				0DEFBB8B1C8ECFC30006E1A8 /* UILabel+Extensions.swift in Sources */,
				0DBC11431C6E3E5B0057C7F6 /* WHDebugConstants.swift in Sources */,
				0D1A00D11C7230DF00AC64D3 /* WHExploreViewController.swift in Sources */,
				0DBC11441C6E3E5B0057C7F6 /* WHReleaseConstants.swift in Sources */,
				0DD614F11C7605C00033BD9C /* WHSavedViewController.swift in Sources */,
				0D1A00D31C7230DF00AC64D3 /* WHSearchViewController.swift in Sources */,
				0D23EB041C86A50E00E711B7 /* WHSitesViewController.swift in Sources */,
				0D1A00D21C7230DF00AC64D3 /* WHSiteViewController.swift in Sources */,
			);
			runOnlyForDeploymentPostprocessing = 0;
		};
/* End PBXSourcesBuildPhase section */

/* Begin PBXVariantGroup section */
		0D1A00C51C7230DE00AC64D3 /* LaunchScreen.xib */ = {
			isa = PBXVariantGroup;
			children = (
				0D1A00C61C7230DE00AC64D3 /* Base */,
			);
			name = LaunchScreen.xib;
			sourceTree = "<group>";
		};
		0D1A00C71C7230DE00AC64D3 /* Main.storyboard */ = {
			isa = PBXVariantGroup;
			children = (
				0D1A00C81C7230DE00AC64D3 /* Base */,
			);
			name = Main.storyboard;
			sourceTree = "<group>";
		};
/* End PBXVariantGroup section */

/* Begin XCBuildConfiguration section */
		0D6AE3391B85A0E0000B0A07 /* Debug */ = {
			isa = XCBuildConfiguration;
			baseConfigurationReference = 0DBC113D1C6E3E5B0057C7F6 /* Debug.xcconfig */;
			buildSettings = {
				ALWAYS_SEARCH_USER_PATHS = NO;
				CLANG_CXX_LANGUAGE_STANDARD = "gnu++0x";
				CLANG_CXX_LIBRARY = "libc++";
				CLANG_ENABLE_MODULES = YES;
				CLANG_ENABLE_OBJC_ARC = YES;
				CLANG_WARN_BOOL_CONVERSION = YES;
				CLANG_WARN_CONSTANT_CONVERSION = YES;
				CLANG_WARN_DIRECT_OBJC_ISA_USAGE = YES_ERROR;
				CLANG_WARN_EMPTY_BODY = YES;
				CLANG_WARN_ENUM_CONVERSION = YES;
				CLANG_WARN_INT_CONVERSION = YES;
				CLANG_WARN_OBJC_ROOT_CLASS = YES_ERROR;
				CLANG_WARN_UNREACHABLE_CODE = YES;
				CLANG_WARN__DUPLICATE_METHOD_MATCH = YES;
				"CODE_SIGN_IDENTITY[sdk=iphoneos*]" = "iPhone Developer";
				COPY_PHASE_STRIP = NO;
				DEBUG_INFORMATION_FORMAT = "dwarf-with-dsym";
				ENABLE_STRICT_OBJC_MSGSEND = YES;
				ENABLE_TESTABILITY = YES;
				GCC_C_LANGUAGE_STANDARD = gnu99;
				GCC_DYNAMIC_NO_PIC = NO;
				GCC_NO_COMMON_BLOCKS = YES;
				GCC_OPTIMIZATION_LEVEL = 0;
				GCC_PREPROCESSOR_DEFINITIONS = (
					"DEBUG=1",
					"$(inherited)",
				);
				GCC_SYMBOLS_PRIVATE_EXTERN = NO;
				GCC_WARN_64_TO_32_BIT_CONVERSION = YES;
				GCC_WARN_ABOUT_RETURN_TYPE = YES_ERROR;
				GCC_WARN_UNDECLARED_SELECTOR = YES;
				GCC_WARN_UNINITIALIZED_AUTOS = YES_AGGRESSIVE;
				GCC_WARN_UNUSED_FUNCTION = YES;
				GCC_WARN_UNUSED_VARIABLE = YES;
				IPHONEOS_DEPLOYMENT_TARGET = 9.0;
				MTL_ENABLE_DEBUG_INFO = YES;
				ONLY_ACTIVE_ARCH = YES;
				SDKROOT = iphoneos;
				SWIFT_OPTIMIZATION_LEVEL = "-Onone";
			};
			name = Debug;
		};
		0D6AE33A1B85A0E0000B0A07 /* Release */ = {
			isa = XCBuildConfiguration;
			baseConfigurationReference = 0DBC113E1C6E3E5B0057C7F6 /* Release.xcconfig */;
			buildSettings = {
				ALWAYS_SEARCH_USER_PATHS = NO;
				CLANG_CXX_LANGUAGE_STANDARD = "gnu++0x";
				CLANG_CXX_LIBRARY = "libc++";
				CLANG_ENABLE_MODULES = YES;
				CLANG_ENABLE_OBJC_ARC = YES;
				CLANG_WARN_BOOL_CONVERSION = YES;
				CLANG_WARN_CONSTANT_CONVERSION = YES;
				CLANG_WARN_DIRECT_OBJC_ISA_USAGE = YES_ERROR;
				CLANG_WARN_EMPTY_BODY = YES;
				CLANG_WARN_ENUM_CONVERSION = YES;
				CLANG_WARN_INT_CONVERSION = YES;
				CLANG_WARN_OBJC_ROOT_CLASS = YES_ERROR;
				CLANG_WARN_UNREACHABLE_CODE = YES;
				CLANG_WARN__DUPLICATE_METHOD_MATCH = YES;
				"CODE_SIGN_IDENTITY[sdk=iphoneos*]" = "iPhone Developer";
				COPY_PHASE_STRIP = NO;
				DEBUG_INFORMATION_FORMAT = "dwarf-with-dsym";
				ENABLE_NS_ASSERTIONS = NO;
				ENABLE_STRICT_OBJC_MSGSEND = YES;
				GCC_C_LANGUAGE_STANDARD = gnu99;
				GCC_NO_COMMON_BLOCKS = YES;
				GCC_WARN_64_TO_32_BIT_CONVERSION = YES;
				GCC_WARN_ABOUT_RETURN_TYPE = YES_ERROR;
				GCC_WARN_UNDECLARED_SELECTOR = YES;
				GCC_WARN_UNINITIALIZED_AUTOS = YES_AGGRESSIVE;
				GCC_WARN_UNUSED_FUNCTION = YES;
				GCC_WARN_UNUSED_VARIABLE = YES;
				IPHONEOS_DEPLOYMENT_TARGET = 9.0;
				MTL_ENABLE_DEBUG_INFO = NO;
				SDKROOT = iphoneos;
				VALIDATE_PRODUCT = YES;
			};
			name = Release;
		};
		0D6AE33C1B85A0E0000B0A07 /* Debug */ = {
			isa = XCBuildConfiguration;
			baseConfigurationReference = 95492B779A78C38358C2D36A /* Pods-World Heritage.debug.xcconfig */;
			buildSettings = {
				ASSETCATALOG_COMPILER_APPICON_NAME = AppIcon;
				CODE_SIGN_IDENTITY = "iPhone Developer";
				"CODE_SIGN_IDENTITY[sdk=iphoneos*]" = "iPhone Developer";
				FRAMEWORK_SEARCH_PATHS = "$(inherited)";
				INFOPLIST_FILE = "$(SRCROOT)/WorldHeritage/Info.plist";
				INFOPLIST_PREPROCESS = YES;
				INFOPLIST_PREPROCESSOR_DEFINITIONS = "$(inherited)";
				IPHONEOS_DEPLOYMENT_TARGET = 9.0;
				LD_RUNPATH_SEARCH_PATHS = "$(inherited) @executable_path/Frameworks";
				PRODUCT_BUNDLE_IDENTIFIER = io.thebrewery.WorldHeritage;
				PRODUCT_NAME = "$(PRODUCT_NAME)";
				PROVISIONING_PROFILE = "";
				TARGETED_DEVICE_FAMILY = "1,2";
			};
			name = Debug;
		};
		0D6AE33D1B85A0E0000B0A07 /* Release */ = {
			isa = XCBuildConfiguration;
			baseConfigurationReference = 529AD995455957671989297A /* Pods-World Heritage.release.xcconfig */;
			buildSettings = {
				ASSETCATALOG_COMPILER_APPICON_NAME = AppIcon;
				CODE_SIGN_IDENTITY = "iPhone Developer";
				"CODE_SIGN_IDENTITY[sdk=iphoneos*]" = "iPhone Developer";
				FRAMEWORK_SEARCH_PATHS = "$(inherited)";
				INFOPLIST_FILE = "$(SRCROOT)/WorldHeritage/Info.plist";
				INFOPLIST_PREPROCESS = YES;
				IPHONEOS_DEPLOYMENT_TARGET = 9.0;
				LD_RUNPATH_SEARCH_PATHS = "$(inherited) @executable_path/Frameworks";
				PRODUCT_BUNDLE_IDENTIFIER = io.thebrewery.WorldHeritage;
				PRODUCT_NAME = "$(PRODUCT_NAME)";
				PROVISIONING_PROFILE = "";
				TARGETED_DEVICE_FAMILY = "1,2";
			};
			name = Release;
		};
/* End XCBuildConfiguration section */

/* Begin XCConfigurationList section */
		0D6AE3151B85A0DF000B0A07 /* Build configuration list for PBXProject "World Heritage" */ = {
			isa = XCConfigurationList;
			buildConfigurations = (
				0D6AE3391B85A0E0000B0A07 /* Debug */,
				0D6AE33A1B85A0E0000B0A07 /* Release */,
			);
			defaultConfigurationIsVisible = 0;
			defaultConfigurationName = Release;
		};
		0D6AE33B1B85A0E0000B0A07 /* Build configuration list for PBXNativeTarget "World Heritage" */ = {
			isa = XCConfigurationList;
			buildConfigurations = (
				0D6AE33C1B85A0E0000B0A07 /* Debug */,
				0D6AE33D1B85A0E0000B0A07 /* Release */,
			);
			defaultConfigurationIsVisible = 0;
			defaultConfigurationName = Release;
		};
/* End XCConfigurationList section */
	};
	rootObject = 0D6AE3121B85A0DF000B0A07 /* Project object */;
}
